
Microsoft Visual Studio Solution File, Format Version 11.00
# Visual Studio 2010
Project("{FAE04EC0-301F-11D3-BF4B-00C04F79EFBC}") = "ShopB2B", "ShopB2B\ShopB2B.csproj", "{292BA8D2-F71A-4DD0-95EC-B0538CE5F841}"
EndProject
Project("{FAE04EC0-301F-11D3-BF4B-00C04F79EFBC}") = "ShopB2B.Data", "ShopB2B.Data\ShopB2B.Data.csproj", "{C71D9478-A43F-40B8-A646-E234EAE9D1EF}"
EndProject
Project("{FAE04EC0-301F-11D3-BF4B-00C04F79EFBC}") = "ShopB2B.BL", "ShopB2B.BL\ShopB2B.BL.csproj", "{E2EA43AA-2444-44B4-B821-18CC689AACF3}"
EndProject
Project("{FAE04EC0-301F-11D3-BF4B-00C04F79EFBC}") = "ShopB2B.Model", "ShopB2B.Model\ShopB2B.Model.csproj", "{B790E068-3E06-49E2-A279-82C7178135B8}"
EndProject
Global
	GlobalSection(SolutionConfigurationPlatforms) = preSolution
		Debug|Any CPU = Debug|Any CPU
		Debug|Mixed Platforms = Debug|Mixed Platforms
		Debug|x86 = Debug|x86
		Release|Any CPU = Release|Any CPU
		Release|Mixed Platforms = Release|Mixed Platforms
		Release|x86 = Release|x86
	EndGlobalSection
	GlobalSection(ProjectConfigurationPlatforms) = postSolution
		{292BA8D2-F71A-4DD0-95EC-B0538CE5F841}.Debug|Any CPU.ActiveCfg = Debug|Any CPU
		{292BA8D2-F71A-4DD0-95EC-B0538CE5F841}.Debug|Any CPU.Build.0 = Debug|Any CPU
		{292BA8D2-F71A-4DD0-95EC-B0538CE5F841}.Debug|Mixed Platforms.ActiveCfg = Debug|Any CPU
		{292BA8D2-F71A-4DD0-95EC-B0538CE5F841}.Debug|Mixed Platforms.Build.0 = Debug|Any CPU
		{292BA8D2-F71A-4DD0-95EC-B0538CE5F841}.Debug|x86.ActiveCfg = Debug|Any CPU
		{292BA8D2-F71A-4DD0-95EC-B0538CE5F841}.Release|Any CPU.ActiveCfg = Release|Any CPU
		{292BA8D2-F71A-4DD0-95EC-B0538CE5F841}.Release|Any CPU.Build.0 = Release|Any CPU
		{292BA8D2-F71A-4DD0-95EC-B0538CE5F841}.Release|Mixed Platforms.ActiveCfg = Release|Any CPU
		{292BA8D2-F71A-4DD0-95EC-B0538CE5F841}.Release|Mixed Platforms.Build.0 = Release|Any CPU
		{292BA8D2-F71A-4DD0-95EC-B0538CE5F841}.Release|x86.ActiveCfg = Release|Any CPU
		{C71D9478-A43F-40B8-A646-E234EAE9D1EF}.Debug|Any CPU.ActiveCfg = Debug|Any CPU
		{C71D9478-A43F-40B8-A646-E234EAE9D1EF}.Debug|Any CPU.Build.0 = Debug|Any CPU
		{C71D9478-A43F-40B8-A646-E234EAE9D1EF}.Debug|Mixed Platforms.ActiveCfg = Debug|Any CPU
		{C71D9478-A43F-40B8-A646-E234EAE9D1EF}.Debug|Mixed Platforms.Build.0 = Debug|Any CPU
		{C71D9478-A43F-40B8-A646-E234EAE9D1EF}.Debug|x86.ActiveCfg = Debug|Any CPU
		{C71D9478-A43F-40B8-A646-E234EAE9D1EF}.Release|Any CPU.ActiveCfg = Release|Any CPU
		{C71D9478-A43F-40B8-A646-E234EAE9D1EF}.Release|Any CPU.Build.0 = Release|Any CPU
		{C71D9478-A43F-40B8-A646-E234EAE9D1EF}.Release|Mixed Platforms.ActiveCfg = Release|Any CPU
		{C71D9478-A43F-40B8-A646-E234EAE9D1EF}.Release|Mixed Platforms.Build.0 = Release|Any CPU
		{C71D9478-A43F-40B8-A646-E234EAE9D1EF}.Release|x86.ActiveCfg = Release|Any CPU
		{E2EA43AA-2444-44B4-B821-18CC689AACF3}.Debug|Any CPU.ActiveCfg = Debug|Any CPU
		{E2EA43AA-2444-44B4-B821-18CC689AACF3}.Debug|Any CPU.Build.0 = Debug|Any CPU
		{E2EA43AA-2444-44B4-B821-18CC689AACF3}.Debug|Mixed Platforms.ActiveCfg = Debug|Any CPU
		{E2EA43AA-2444-44B4-B821-18CC689AACF3}.Debug|Mixed Platforms.Build.0 = Debug|Any CPU
		{E2EA43AA-2444-44B4-B821-18CC689AACF3}.Debug|x86.ActiveCfg = Debug|Any CPU
		{E2EA43AA-2444-44B4-B821-18CC689AACF3}.Release|Any CPU.ActiveCfg = Release|Any CPU
		{E2EA43AA-2444-44B4-B821-18CC689AACF3}.Release|Any CPU.Build.0 = Release|Any CPU
		{E2EA43AA-2444-44B4-B821-18CC689AACF3}.Release|Mixed Platforms.ActiveCfg = Release|Any CPU
		{E2EA43AA-2444-44B4-B821-18CC689AACF3}.Release|Mixed Platforms.Build.0 = Release|Any CPU
		{E2EA43AA-2444-44B4-B821-18CC689AACF3}.Release|x86.ActiveCfg = Release|Any CPU
		{B790E068-3E06-49E2-A279-82C7178135B8}.Debug|Any CPU.ActiveCfg = Debug|x86
		{B790E068-3E06-49E2-A279-82C7178135B8}.Debug|Mixed Platforms.ActiveCfg = Debug|x86
		{B790E068-3E06-49E2-A279-82C7178135B8}.Debug|Mixed Platforms.Build.0 = Debug|x86
		{B790E068-3E06-49E2-A279-82C7178135B8}.Debug|x86.ActiveCfg = Debug|x86
		{B790E068-3E06-49E2-A279-82C7178135B8}.Debug|x86.Build.0 = Debug|x86
		{B790E068-3E06-49E2-A279-82C7178135B8}.Release|Any CPU.ActiveCfg = Release|x86
		{B790E068-3E06-49E2-A279-82C7178135B8}.Release|Mixed Platforms.ActiveCfg = Release|x86
		{B790E068-3E06-49E2-A279-82C7178135B8}.Release|Mixed Platforms.Build.0 = Release|x86
		{B790E068-3E06-49E2-A279-82C7178135B8}.Release|x86.ActiveCfg = Release|x86
		{B790E068-3E06-49E2-A279-82C7178135B8}.Release|x86.Build.0 = Release|x86
	EndGlobalSection
	GlobalSection(SolutionProperties) = preSolution
		HideSolutionNode = FALSE
	EndGlobalSection
EndGlobal
